
Microsoft Visual Studio Solution File, Format Version 12.00
# Visual Studio 15
VisualStudioVersion = 15.0.28010.2041
MinimumVisualStudioVersion = 10.0.40219.1
Project("{FAE04EC0-301F-11D3-BF4B-00C04F79EFBC}") = "BlogGo", "BlogGo\BlogGo.csproj", "{041D7E59-DDE6-492B-A5B5-C484290F5D66}"
EndProject
Project("{9A19103F-16F7-4668-BE54-9A1E7A4F7556}") = "BlogGo.Datos", "BlogGo.Datos\BlogGo.Datos.csproj", "{0E9752A8-43E3-4C7F-8155-8F175975EB19}"
EndProject
Project("{FAE04EC0-301F-11D3-BF4B-00C04F79EFBC}") = "BlogGo.Entidades", "BlogGo.Entidades\BlogGo.Entidades.csproj", "{8668C422-A255-4C5E-960E-45D27F7C5B1C}"
EndProject
Global
	GlobalSection(SolutionConfigurationPlatforms) = preSolution
		Debug|Any CPU = Debug|Any CPU
		Release|Any CPU = Release|Any CPU
	EndGlobalSection
	GlobalSection(ProjectConfigurationPlatforms) = postSolution
		{041D7E59-DDE6-492B-A5B5-C484290F5D66}.Debug|Any CPU.ActiveCfg = Debug|Any CPU
		{041D7E59-DDE6-492B-A5B5-C484290F5D66}.Debug|Any CPU.Build.0 = Debug|Any CPU
		{041D7E59-DDE6-492B-A5B5-C484290F5D66}.Release|Any CPU.ActiveCfg = Release|Any CPU
		{041D7E59-DDE6-492B-A5B5-C484290F5D66}.Release|Any CPU.Build.0 = Release|Any CPU
		{0E9752A8-43E3-4C7F-8155-8F175975EB19}.Debug|Any CPU.ActiveCfg = Debug|Any CPU
		{0E9752A8-43E3-4C7F-8155-8F175975EB19}.Debug|Any CPU.Build.0 = Debug|Any CPU
		{0E9752A8-43E3-4C7F-8155-8F175975EB19}.Release|Any CPU.ActiveCfg = Release|Any CPU
		{0E9752A8-43E3-4C7F-8155-8F175975EB19}.Release|Any CPU.Build.0 = Release|Any CPU
		{8668C422-A255-4C5E-960E-45D27F7C5B1C}.Debug|Any CPU.ActiveCfg = Debug|Any CPU
		{8668C422-A255-4C5E-960E-45D27F7C5B1C}.Debug|Any CPU.Build.0 = Debug|Any CPU
		{8668C422-A255-4C5E-960E-45D27F7C5B1C}.Release|Any CPU.ActiveCfg = Release|Any CPU
		{8668C422-A255-4C5E-960E-45D27F7C5B1C}.Release|Any CPU.Build.0 = Release|Any CPU
	EndGlobalSection
	GlobalSection(SolutionProperties) = preSolution
		HideSolutionNode = FALSE
	EndGlobalSection
	GlobalSection(ExtensibilityGlobals) = postSolution
		SolutionGuid = {3E411AAD-CCA3-4A43-A468-94DB1281595C}
	EndGlobalSection
EndGlobal
