
Microsoft Visual Studio Solution File, Format Version 12.00
# Visual Studio 15
VisualStudioVersion = 15.0.28010.2016
MinimumVisualStudioVersion = 10.0.40219.1
Project("{FAE04EC0-301F-11D3-BF4B-00C04F79EFBC}") = "BlogWeb", "BlogWeb\BlogWeb.csproj", "{3C142AF6-5E62-4B8F-9D0F-36DA72AD362C}"
EndProject
Global
	GlobalSection(SolutionConfigurationPlatforms) = preSolution
		Debug|Any CPU = Debug|Any CPU
		Release|Any CPU = Release|Any CPU
	EndGlobalSection
	GlobalSection(ProjectConfigurationPlatforms) = postSolution
		{3C142AF6-5E62-4B8F-9D0F-36DA72AD362C}.Debug|Any CPU.ActiveCfg = Debug|Any CPU
		{3C142AF6-5E62-4B8F-9D0F-36DA72AD362C}.Debug|Any CPU.Build.0 = Debug|Any CPU
		{3C142AF6-5E62-4B8F-9D0F-36DA72AD362C}.Release|Any CPU.ActiveCfg = Release|Any CPU
		{3C142AF6-5E62-4B8F-9D0F-36DA72AD362C}.Release|Any CPU.Build.0 = Release|Any CPU
	EndGlobalSection
	GlobalSection(SolutionProperties) = preSolution
		HideSolutionNode = FALSE
	EndGlobalSection
	GlobalSection(ExtensibilityGlobals) = postSolution
		SolutionGuid = {8539AB0D-5CAD-42B2-AEFA-4AD20DF43C09}
	EndGlobalSection
EndGlobal
